
Microsoft Visual Studio Solution File, Format Version 12.00
# Visual Studio 14
VisualStudioVersion = 14.0.25420.1
MinimumVisualStudioVersion = 10.0.40219.1
Project("{FAE04EC0-301F-11D3-BF4B-00C04F79EFBC}") = "Kyrodan.HiDrive", "src\Kyrodan.HiDrive\Kyrodan.HiDrive.csproj", "{2079D159-D84F-4AAD-A0C1-0E25B9AB915C}"
EndProject
Project("{2150E333-8FDC-42A3-9474-1A3956D46DE8}") = "Static Files", "Static Files", "{CE3ED305-5B2B-4B85-9327-A39993BF8F82}"
	ProjectSection(SolutionItems) = preProject
		appveyor.yml = appveyor.yml
		build.cmd = build.cmd
		CHANGELOG.md = CHANGELOG.md
		README.md = README.md
	EndProjectSection
EndProject
Project("{FAE04EC0-301F-11D3-BF4B-00C04F79EFBC}") = "Kyrodan.HiDrive.TestPreparation", "src\Kyrodan.HiDrive.TestPreparation\Kyrodan.HiDrive.TestPreparation.csproj", "{5753812D-831C-4127-8815-1C7C3C0EA9DC}"
EndProject
Project("{FAE04EC0-301F-11D3-BF4B-00C04F79EFBC}") = "Kyrodan.HiDrive.Tests", "src\Kyrodan.HiDrive.Tests\Kyrodan.HiDrive.Tests.csproj", "{19B17263-EEBA-44F6-9596-5ED46ED898C1}"
EndProject
Global
	GlobalSection(SolutionConfigurationPlatforms) = preSolution
		Debug|Any CPU = Debug|Any CPU
		Release|Any CPU = Release|Any CPU
	EndGlobalSection
	GlobalSection(ProjectConfigurationPlatforms) = postSolution
		{2079D159-D84F-4AAD-A0C1-0E25B9AB915C}.Debug|Any CPU.ActiveCfg = Debug|Any CPU
		{2079D159-D84F-4AAD-A0C1-0E25B9AB915C}.Debug|Any CPU.Build.0 = Debug|Any CPU
		{2079D159-D84F-4AAD-A0C1-0E25B9AB915C}.Release|Any CPU.ActiveCfg = Release|Any CPU
		{2079D159-D84F-4AAD-A0C1-0E25B9AB915C}.Release|Any CPU.Build.0 = Release|Any CPU
		{5753812D-831C-4127-8815-1C7C3C0EA9DC}.Debug|Any CPU.ActiveCfg = Debug|Any CPU
		{5753812D-831C-4127-8815-1C7C3C0EA9DC}.Debug|Any CPU.Build.0 = Debug|Any CPU
		{5753812D-831C-4127-8815-1C7C3C0EA9DC}.Release|Any CPU.ActiveCfg = Release|Any CPU
		{5753812D-831C-4127-8815-1C7C3C0EA9DC}.Release|Any CPU.Build.0 = Release|Any CPU
		{19B17263-EEBA-44F6-9596-5ED46ED898C1}.Debug|Any CPU.ActiveCfg = Debug|Any CPU
		{19B17263-EEBA-44F6-9596-5ED46ED898C1}.Debug|Any CPU.Build.0 = Debug|Any CPU
		{19B17263-EEBA-44F6-9596-5ED46ED898C1}.Release|Any CPU.ActiveCfg = Release|Any CPU
		{19B17263-EEBA-44F6-9596-5ED46ED898C1}.Release|Any CPU.Build.0 = Release|Any CPU
	EndGlobalSection
	GlobalSection(SolutionProperties) = preSolution
		HideSolutionNode = FALSE
	EndGlobalSection
EndGlobal
